
Microsoft Visual Studio Solution File, Format Version 12.00
# Visual Studio 2012
Project("{FAE04EC0-301F-11D3-BF4B-00C04F79EFBC}") = "FizzBuzz", "FizzBuzz\FizzBuzz.csproj", "{A80E9276-892E-4005-8002-FF6BF469A602}"
EndProject
Global
	GlobalSection(SolutionConfigurationPlatforms) = preSolution
		Debug|Any CPU = Debug|Any CPU
		Release|Any CPU = Release|Any CPU
	EndGlobalSection
	GlobalSection(ProjectConfigurationPlatforms) = postSolution
		{A80E9276-892E-4005-8002-FF6BF469A602}.Debug|Any CPU.ActiveCfg = Debug|Any CPU
		{A80E9276-892E-4005-8002-FF6BF469A602}.Debug|Any CPU.Build.0 = Debug|Any CPU
		{A80E9276-892E-4005-8002-FF6BF469A602}.Release|Any CPU.ActiveCfg = Release|Any CPU
		{A80E9276-892E-4005-8002-FF6BF469A602}.Release|Any CPU.Build.0 = Release|Any CPU
	EndGlobalSection
	GlobalSection(SolutionProperties) = preSolution
		HideSolutionNode = FALSE
	EndGlobalSection
EndGlobal
